// !$*UTF8*$!
{
	archiveVersion = 1;
	classes = {
	};
	objectVersion = 48;
	objects = {

/* Begin PBXBuildFile section */
		03A343231FA2433A007827D8 /* SSRadioButton.swift in Sources */ = {isa = PBXBuildFile; fileRef = 03A343221FA2433A007827D8 /* SSRadioButton.swift */; };
		03AD2B9C1FB255B600F58DEA /* FeedbackViewController.swift in Sources */ = {isa = PBXBuildFile; fileRef = 03AD2B9B1FB255B600F58DEA /* FeedbackViewController.swift */; };
		03AD2B9E1FB32D1300F58DEA /* ViewController.swift in Sources */ = {isa = PBXBuildFile; fileRef = 03AD2B9D1FB32D1300F58DEA /* ViewController.swift */; };
		03C0AD091FB2011800AF0A36 /* CollectionChallengesCell.swift in Sources */ = {isa = PBXBuildFile; fileRef = 03C0AD081FB2011800AF0A36 /* CollectionChallengesCell.swift */; };
		03D9FCDB1F98FC61000512F5 /* SortViewController.swift in Sources */ = {isa = PBXBuildFile; fileRef = 03D9FCDA1F98FC61000512F5 /* SortViewController.swift */; };
		03ECA9251F9EBD2D00EF8E4B /* SSRadioButtonsController.swift in Sources */ = {isa = PBXBuildFile; fileRef = 03ECA9241F9EBD2D00EF8E4B /* SSRadioButtonsController.swift */; };
		03ECA9271F9EBD8F00EF8E4B /* MultipleChoiceController.swift in Sources */ = {isa = PBXBuildFile; fileRef = 03ECA9261F9EBD8F00EF8E4B /* MultipleChoiceController.swift */; };
		492E75C51F91296000A4AD4F /* SanFranciscoText-Bold.otf in Resources */ = {isa = PBXBuildFile; fileRef = 492E75BD1F91271700A4AD4F /* SanFranciscoText-Bold.otf */; };
		492E75C61F91296400A4AD4F /* SanFranciscoText-BoldItalic.otf in Resources */ = {isa = PBXBuildFile; fileRef = 492E75C31F91271800A4AD4F /* SanFranciscoText-BoldItalic.otf */; };
		492E75C71F91296800A4AD4F /* SanFranciscoText-Heavy.otf in Resources */ = {isa = PBXBuildFile; fileRef = 492E75BC1F91271700A4AD4F /* SanFranciscoText-Heavy.otf */; };
		492E75C81F91296800A4AD4F /* SanFranciscoText-HeavyItalic.otf in Resources */ = {isa = PBXBuildFile; fileRef = 492E75B91F91271600A4AD4F /* SanFranciscoText-HeavyItalic.otf */; };
		492E75C91F91296800A4AD4F /* SanFranciscoText-Light.otf in Resources */ = {isa = PBXBuildFile; fileRef = 492E75BF1F91271700A4AD4F /* SanFranciscoText-Light.otf */; };
		492E75CA1F91296800A4AD4F /* SanFranciscoText-LightItalic.otf in Resources */ = {isa = PBXBuildFile; fileRef = 492E75BA1F91271600A4AD4F /* SanFranciscoText-LightItalic.otf */; };
		492E75CB1F91296800A4AD4F /* SanFranciscoText-Medium.otf in Resources */ = {isa = PBXBuildFile; fileRef = 492E75C01F91271700A4AD4F /* SanFranciscoText-Medium.otf */; };
		492E75CC1F91296800A4AD4F /* SanFranciscoText-MediumItalic.otf in Resources */ = {isa = PBXBuildFile; fileRef = 492E75B81F91271600A4AD4F /* SanFranciscoText-MediumItalic.otf */; };
		492E75CD1F91296800A4AD4F /* SanFranciscoText-Regular.otf in Resources */ = {isa = PBXBuildFile; fileRef = 492E75BE1F91271700A4AD4F /* SanFranciscoText-Regular.otf */; };
		492E75CE1F91296800A4AD4F /* SanFranciscoText-RegularItalic.otf in Resources */ = {isa = PBXBuildFile; fileRef = 492E75BB1F91271700A4AD4F /* SanFranciscoText-RegularItalic.otf */; };
		492E75CF1F91296800A4AD4F /* SanFranciscoText-Semibold.otf in Resources */ = {isa = PBXBuildFile; fileRef = 492E75C11F91271800A4AD4F /* SanFranciscoText-Semibold.otf */; };
		492E75D01F91296800A4AD4F /* SanFranciscoText-SemiboldItalic.otf in Resources */ = {isa = PBXBuildFile; fileRef = 492E75C21F91271800A4AD4F /* SanFranciscoText-SemiboldItalic.otf */; };
		4949DAEE1FB0975A0002E651 /* String.swift in Sources */ = {isa = PBXBuildFile; fileRef = 4949DAED1FB0975A0002E651 /* String.swift */; };
		497703561F8EAA9E00102F08 /* Label.swift in Sources */ = {isa = PBXBuildFile; fileRef = 497703551F8EAA9E00102F08 /* Label.swift */; };
		497703581F8EABDC00102F08 /* DeviceScale.swift in Sources */ = {isa = PBXBuildFile; fileRef = 497703571F8EABDC00102F08 /* DeviceScale.swift */; };
		49C3807E1F96645500DC5293 /* TextView.swift in Sources */ = {isa = PBXBuildFile; fileRef = 49C3807D1F96645500DC5293 /* TextView.swift */; };
		49C4B4041F8EBD5100A84C69 /* DeviceTypes.swift in Sources */ = {isa = PBXBuildFile; fileRef = 49C4B4031F8EBD5100A84C69 /* DeviceTypes.swift */; };
		49C4B4061F8EC57100A84C69 /* Button.swift in Sources */ = {isa = PBXBuildFile; fileRef = 49C4B4051F8EC57100A84C69 /* Button.swift */; };
		49D8110D1FB1E2FE00E411DC /* TextField.swift in Sources */ = {isa = PBXBuildFile; fileRef = 49D8110C1FB1E2FE00E411DC /* TextField.swift */; };
		49F8D6F81FA1267900E7CF9F /* BlankFieldViewController.swift in Sources */ = {isa = PBXBuildFile; fileRef = 49F8D6F71FA1267900E7CF9F /* BlankFieldViewController.swift */; };
		49F8D6FA1FA1278D00E7CF9F /* WebDocumentationViewController.swift in Sources */ = {isa = PBXBuildFile; fileRef = 49F8D6F91FA1278D00E7CF9F /* WebDocumentationViewController.swift */; };
		4F75F8521F8AB491007BABC9 /* AppDelegate.swift in Sources */ = {isa = PBXBuildFile; fileRef = 4F75F8511F8AB491007BABC9 /* AppDelegate.swift */; };
		4F75F8571F8AB491007BABC9 /* Main.storyboard in Resources */ = {isa = PBXBuildFile; fileRef = 4F75F8551F8AB491007BABC9 /* Main.storyboard */; };
		4F75F85A1F8AB492007BABC9 /* be_swift.xcdatamodeld in Sources */ = {isa = PBXBuildFile; fileRef = 4F75F8581F8AB492007BABC9 /* be_swift.xcdatamodeld */; };
		4F75F85C1F8AB492007BABC9 /* Assets.xcassets in Resources */ = {isa = PBXBuildFile; fileRef = 4F75F85B1F8AB492007BABC9 /* Assets.xcassets */; };
		4F75F85F1F8AB492007BABC9 /* LaunchScreen.storyboard in Resources */ = {isa = PBXBuildFile; fileRef = 4F75F85D1F8AB492007BABC9 /* LaunchScreen.storyboard */; };
		4F75F86A1F8AB492007BABC9 /* be_swiftTests.swift in Sources */ = {isa = PBXBuildFile; fileRef = 4F75F8691F8AB492007BABC9 /* be_swiftTests.swift */; };
		4F75F8751F8AB492007BABC9 /* be_swiftUITests.swift in Sources */ = {isa = PBXBuildFile; fileRef = 4F75F8741F8AB492007BABC9 /* be_swiftUITests.swift */; };
		4F75F8891F8AB51A007BABC9 /* UserDAO.swift in Sources */ = {isa = PBXBuildFile; fileRef = 4F75F8881F8AB51A007BABC9 /* UserDAO.swift */; };
		4F75F88D1F8AB547007BABC9 /* User.swift in Sources */ = {isa = PBXBuildFile; fileRef = 4F75F88C1F8AB547007BABC9 /* User.swift */; };
		4F75F88F1F8AB55C007BABC9 /* UserChallengeInfo.swift in Sources */ = {isa = PBXBuildFile; fileRef = 4F75F88E1F8AB55C007BABC9 /* UserChallengeInfo.swift */; };
		4F75F8911F8AB58B007BABC9 /* Challenge.swift in Sources */ = {isa = PBXBuildFile; fileRef = 4F75F8901F8AB58B007BABC9 /* Challenge.swift */; };
		4F75F8931F8AB595007BABC9 /* Level.swift in Sources */ = {isa = PBXBuildFile; fileRef = 4F75F8921F8AB595007BABC9 /* Level.swift */; };
		4F75F8951F8AB5AE007BABC9 /* ChallengeTopic.swift in Sources */ = {isa = PBXBuildFile; fileRef = 4F75F8941F8AB5AE007BABC9 /* ChallengeTopic.swift */; };
		4F75F8971F8AB5BA007BABC9 /* Notification.swift in Sources */ = {isa = PBXBuildFile; fileRef = 4F75F8961F8AB5BA007BABC9 /* Notification.swift */; };
		4F75F8991F8AB5D6007BABC9 /* UserController.swift in Sources */ = {isa = PBXBuildFile; fileRef = 4F75F8981F8AB5D6007BABC9 /* UserController.swift */; };
		4F75F89D1F8AB5FF007BABC9 /* View.swift in Sources */ = {isa = PBXBuildFile; fileRef = 4F75F89C1F8AB5FF007BABC9 /* View.swift */; };
		4F75F89F1F8AB612007BABC9 /* MultipleChoiceView.swift in Sources */ = {isa = PBXBuildFile; fileRef = 4F75F89E1F8AB612007BABC9 /* MultipleChoiceView.swift */; };
		4F75F8A11F8AB631007BABC9 /* DragAndDropView.swift in Sources */ = {isa = PBXBuildFile; fileRef = 4F75F8A01F8AB631007BABC9 /* DragAndDropView.swift */; };
		4F75F8A31F8AB643007BABC9 /* BlankFieldView.swift in Sources */ = {isa = PBXBuildFile; fileRef = 4F75F8A21F8AB643007BABC9 /* BlankFieldView.swift */; };
		4F75F8A51F8AB652007BABC9 /* FillTheGapView.swift in Sources */ = {isa = PBXBuildFile; fileRef = 4F75F8A41F8AB652007BABC9 /* FillTheGapView.swift */; };
		4F75F8A71F8AB660007BABC9 /* SortView.swift in Sources */ = {isa = PBXBuildFile; fileRef = 4F75F8A61F8AB660007BABC9 /* SortView.swift */; };
		4F75F8A91F8AB66C007BABC9 /* LoginView.swift in Sources */ = {isa = PBXBuildFile; fileRef = 4F75F8A81F8AB66C007BABC9 /* LoginView.swift */; };
		4F75F8AB1F8AB67A007BABC9 /* RegisterView.swift in Sources */ = {isa = PBXBuildFile; fileRef = 4F75F8AA1F8AB67A007BABC9 /* RegisterView.swift */; };
		4F75F8AD1F8AB687007BABC9 /* FeedbackView.swift in Sources */ = {isa = PBXBuildFile; fileRef = 4F75F8AC1F8AB687007BABC9 /* FeedbackView.swift */; };
		4F75F8AF1F8AB695007BABC9 /* CollectionChallengeView.swift in Sources */ = {isa = PBXBuildFile; fileRef = 4F75F8AE1F8AB695007BABC9 /* CollectionChallengeView.swift */; };
		4F819A701FA3A49200BD69E0 /* GoogleService-Info.plist in Resources */ = {isa = PBXBuildFile; fileRef = 4F819A6F1FA3A49200BD69E0 /* GoogleService-Info.plist */; };
		4FB236EB1FAE8CC700196346 /* LevelDAO.swift in Sources */ = {isa = PBXBuildFile; fileRef = 4FB236EA1FAE8CC700196346 /* LevelDAO.swift */; };
		8E2EE68437321722F169148A /* Pods_be_swift.framework in Frameworks */ = {isa = PBXBuildFile; fileRef = FBED5E348C425736CE31AA6C /* Pods_be_swift.framework */; };
		A057F119DB6D9FCF7F11DC0B /* Pods_be_swiftUITests.framework in Frameworks */ = {isa = PBXBuildFile; fileRef = 8FFBA381E169B5259BD02161 /* Pods_be_swiftUITests.framework */; };
		F429907BB41081C042E3001C /* Pods_be_swiftTests.framework in Frameworks */ = {isa = PBXBuildFile; fileRef = 39B23C295BD2706916CA21BC /* Pods_be_swiftTests.framework */; };
/* End PBXBuildFile section */

/* Begin PBXContainerItemProxy section */
		4F75F8661F8AB492007BABC9 /* PBXContainerItemProxy */ = {
			isa = PBXContainerItemProxy;
			containerPortal = 4F75F8461F8AB491007BABC9 /* Project object */;
			proxyType = 1;
			remoteGlobalIDString = 4F75F84D1F8AB491007BABC9;
			remoteInfo = "be-swift";
		};
		4F75F8711F8AB492007BABC9 /* PBXContainerItemProxy */ = {
			isa = PBXContainerItemProxy;
			containerPortal = 4F75F8461F8AB491007BABC9 /* Project object */;
			proxyType = 1;
			remoteGlobalIDString = 4F75F84D1F8AB491007BABC9;
			remoteInfo = "be-swift";
		};
/* End PBXContainerItemProxy section */

/* Begin PBXFileReference section */
		03A343221FA2433A007827D8 /* SSRadioButton.swift */ = {isa = PBXFileReference; lastKnownFileType = sourcecode.swift; path = SSRadioButton.swift; sourceTree = "<group>"; };
		03AD2B9B1FB255B600F58DEA /* FeedbackViewController.swift */ = {isa = PBXFileReference; lastKnownFileType = sourcecode.swift; path = FeedbackViewController.swift; sourceTree = "<group>"; };
		03AD2B9D1FB32D1300F58DEA /* ViewController.swift */ = {isa = PBXFileReference; fileEncoding = 4; lastKnownFileType = sourcecode.swift; path = ViewController.swift; sourceTree = "<group>"; };
		03C0AD081FB2011800AF0A36 /* CollectionChallengesCell.swift */ = {isa = PBXFileReference; lastKnownFileType = sourcecode.swift; path = CollectionChallengesCell.swift; sourceTree = "<group>"; };
		03D9FCDA1F98FC61000512F5 /* SortViewController.swift */ = {isa = PBXFileReference; lastKnownFileType = sourcecode.swift; path = SortViewController.swift; sourceTree = "<group>"; };
		03ECA9241F9EBD2D00EF8E4B /* SSRadioButtonsController.swift */ = {isa = PBXFileReference; lastKnownFileType = sourcecode.swift; path = SSRadioButtonsController.swift; sourceTree = "<group>"; };
		03ECA9261F9EBD8F00EF8E4B /* MultipleChoiceController.swift */ = {isa = PBXFileReference; lastKnownFileType = sourcecode.swift; path = MultipleChoiceController.swift; sourceTree = "<group>"; };
		1F69AF8666B4619D9701223C /* Pods-be-swiftUITests.release.xcconfig */ = {isa = PBXFileReference; includeInIndex = 1; lastKnownFileType = text.xcconfig; name = "Pods-be-swiftUITests.release.xcconfig"; path = "Pods/Target Support Files/Pods-be-swiftUITests/Pods-be-swiftUITests.release.xcconfig"; sourceTree = "<group>"; };
		39B23C295BD2706916CA21BC /* Pods_be_swiftTests.framework */ = {isa = PBXFileReference; explicitFileType = wrapper.framework; includeInIndex = 0; path = Pods_be_swiftTests.framework; sourceTree = BUILT_PRODUCTS_DIR; };
		492E75B81F91271600A4AD4F /* SanFranciscoText-MediumItalic.otf */ = {isa = PBXFileReference; lastKnownFileType = file; path = "SanFranciscoText-MediumItalic.otf"; sourceTree = "<group>"; };
		492E75B91F91271600A4AD4F /* SanFranciscoText-HeavyItalic.otf */ = {isa = PBXFileReference; lastKnownFileType = file; path = "SanFranciscoText-HeavyItalic.otf"; sourceTree = "<group>"; };
		492E75BA1F91271600A4AD4F /* SanFranciscoText-LightItalic.otf */ = {isa = PBXFileReference; lastKnownFileType = file; path = "SanFranciscoText-LightItalic.otf"; sourceTree = "<group>"; };
		492E75BB1F91271700A4AD4F /* SanFranciscoText-RegularItalic.otf */ = {isa = PBXFileReference; lastKnownFileType = file; path = "SanFranciscoText-RegularItalic.otf"; sourceTree = "<group>"; };
		492E75BC1F91271700A4AD4F /* SanFranciscoText-Heavy.otf */ = {isa = PBXFileReference; lastKnownFileType = file; path = "SanFranciscoText-Heavy.otf"; sourceTree = "<group>"; };
		492E75BD1F91271700A4AD4F /* SanFranciscoText-Bold.otf */ = {isa = PBXFileReference; lastKnownFileType = file; path = "SanFranciscoText-Bold.otf"; sourceTree = "<group>"; };
		492E75BE1F91271700A4AD4F /* SanFranciscoText-Regular.otf */ = {isa = PBXFileReference; lastKnownFileType = file; path = "SanFranciscoText-Regular.otf"; sourceTree = "<group>"; };
		492E75BF1F91271700A4AD4F /* SanFranciscoText-Light.otf */ = {isa = PBXFileReference; lastKnownFileType = file; path = "SanFranciscoText-Light.otf"; sourceTree = "<group>"; };
		492E75C01F91271700A4AD4F /* SanFranciscoText-Medium.otf */ = {isa = PBXFileReference; lastKnownFileType = file; path = "SanFranciscoText-Medium.otf"; sourceTree = "<group>"; };
		492E75C11F91271800A4AD4F /* SanFranciscoText-Semibold.otf */ = {isa = PBXFileReference; lastKnownFileType = file; path = "SanFranciscoText-Semibold.otf"; sourceTree = "<group>"; };
		492E75C21F91271800A4AD4F /* SanFranciscoText-SemiboldItalic.otf */ = {isa = PBXFileReference; lastKnownFileType = file; path = "SanFranciscoText-SemiboldItalic.otf"; sourceTree = "<group>"; };
		492E75C31F91271800A4AD4F /* SanFranciscoText-BoldItalic.otf */ = {isa = PBXFileReference; lastKnownFileType = file; path = "SanFranciscoText-BoldItalic.otf"; sourceTree = "<group>"; };
		4949DAED1FB0975A0002E651 /* String.swift */ = {isa = PBXFileReference; lastKnownFileType = sourcecode.swift; path = String.swift; sourceTree = "<group>"; };
		497703551F8EAA9E00102F08 /* Label.swift */ = {isa = PBXFileReference; fileEncoding = 4; lastKnownFileType = sourcecode.swift; path = Label.swift; sourceTree = "<group>"; };
		497703571F8EABDC00102F08 /* DeviceScale.swift */ = {isa = PBXFileReference; fileEncoding = 4; lastKnownFileType = sourcecode.swift; path = DeviceScale.swift; sourceTree = "<group>"; };
		49C3807D1F96645500DC5293 /* TextView.swift */ = {isa = PBXFileReference; lastKnownFileType = sourcecode.swift; path = TextView.swift; sourceTree = "<group>"; };
		49C4B4031F8EBD5100A84C69 /* DeviceTypes.swift */ = {isa = PBXFileReference; lastKnownFileType = sourcecode.swift; path = DeviceTypes.swift; sourceTree = "<group>"; };
		49C4B4051F8EC57100A84C69 /* Button.swift */ = {isa = PBXFileReference; lastKnownFileType = sourcecode.swift; path = Button.swift; sourceTree = "<group>"; };
		49D8110C1FB1E2FE00E411DC /* TextField.swift */ = {isa = PBXFileReference; lastKnownFileType = sourcecode.swift; path = TextField.swift; sourceTree = "<group>"; };
		49F8D6F71FA1267900E7CF9F /* BlankFieldViewController.swift */ = {isa = PBXFileReference; lastKnownFileType = sourcecode.swift; path = BlankFieldViewController.swift; sourceTree = "<group>"; };
		49F8D6F91FA1278D00E7CF9F /* WebDocumentationViewController.swift */ = {isa = PBXFileReference; lastKnownFileType = sourcecode.swift; path = WebDocumentationViewController.swift; sourceTree = "<group>"; };
		4F75F84E1F8AB491007BABC9 /* be-swift.app */ = {isa = PBXFileReference; explicitFileType = wrapper.application; includeInIndex = 0; path = "be-swift.app"; sourceTree = BUILT_PRODUCTS_DIR; };
		4F75F8511F8AB491007BABC9 /* AppDelegate.swift */ = {isa = PBXFileReference; lastKnownFileType = sourcecode.swift; path = AppDelegate.swift; sourceTree = "<group>"; };
		4F75F8561F8AB491007BABC9 /* Base */ = {isa = PBXFileReference; lastKnownFileType = file.storyboard; name = Base; path = Base.lproj/Main.storyboard; sourceTree = "<group>"; };
		4F75F8591F8AB492007BABC9 /* be_swift.xcdatamodel */ = {isa = PBXFileReference; lastKnownFileType = wrapper.xcdatamodel; path = be_swift.xcdatamodel; sourceTree = "<group>"; };
		4F75F85B1F8AB492007BABC9 /* Assets.xcassets */ = {isa = PBXFileReference; lastKnownFileType = folder.assetcatalog; path = Assets.xcassets; sourceTree = "<group>"; };
		4F75F85E1F8AB492007BABC9 /* Base */ = {isa = PBXFileReference; lastKnownFileType = file.storyboard; name = Base; path = Base.lproj/LaunchScreen.storyboard; sourceTree = "<group>"; };
		4F75F8601F8AB492007BABC9 /* Info.plist */ = {isa = PBXFileReference; lastKnownFileType = text.plist.xml; path = Info.plist; sourceTree = "<group>"; };
		4F75F8651F8AB492007BABC9 /* be-swiftTests.xctest */ = {isa = PBXFileReference; explicitFileType = wrapper.cfbundle; includeInIndex = 0; path = "be-swiftTests.xctest"; sourceTree = BUILT_PRODUCTS_DIR; };
		4F75F8691F8AB492007BABC9 /* be_swiftTests.swift */ = {isa = PBXFileReference; lastKnownFileType = sourcecode.swift; path = be_swiftTests.swift; sourceTree = "<group>"; };
		4F75F86B1F8AB492007BABC9 /* Info.plist */ = {isa = PBXFileReference; lastKnownFileType = text.plist.xml; path = Info.plist; sourceTree = "<group>"; };
		4F75F8701F8AB492007BABC9 /* be-swiftUITests.xctest */ = {isa = PBXFileReference; explicitFileType = wrapper.cfbundle; includeInIndex = 0; path = "be-swiftUITests.xctest"; sourceTree = BUILT_PRODUCTS_DIR; };
		4F75F8741F8AB492007BABC9 /* be_swiftUITests.swift */ = {isa = PBXFileReference; lastKnownFileType = sourcecode.swift; path = be_swiftUITests.swift; sourceTree = "<group>"; };
		4F75F8761F8AB492007BABC9 /* Info.plist */ = {isa = PBXFileReference; lastKnownFileType = text.plist.xml; path = Info.plist; sourceTree = "<group>"; };
		4F75F8881F8AB51A007BABC9 /* UserDAO.swift */ = {isa = PBXFileReference; lastKnownFileType = sourcecode.swift; path = UserDAO.swift; sourceTree = "<group>"; };
		4F75F88C1F8AB547007BABC9 /* User.swift */ = {isa = PBXFileReference; lastKnownFileType = sourcecode.swift; path = User.swift; sourceTree = "<group>"; };
		4F75F88E1F8AB55C007BABC9 /* UserChallengeInfo.swift */ = {isa = PBXFileReference; lastKnownFileType = sourcecode.swift; path = UserChallengeInfo.swift; sourceTree = "<group>"; };
		4F75F8901F8AB58B007BABC9 /* Challenge.swift */ = {isa = PBXFileReference; lastKnownFileType = sourcecode.swift; path = Challenge.swift; sourceTree = "<group>"; };
		4F75F8921F8AB595007BABC9 /* Level.swift */ = {isa = PBXFileReference; lastKnownFileType = sourcecode.swift; path = Level.swift; sourceTree = "<group>"; };
		4F75F8941F8AB5AE007BABC9 /* ChallengeTopic.swift */ = {isa = PBXFileReference; lastKnownFileType = sourcecode.swift; path = ChallengeTopic.swift; sourceTree = "<group>"; };
		4F75F8961F8AB5BA007BABC9 /* Notification.swift */ = {isa = PBXFileReference; lastKnownFileType = sourcecode.swift; path = Notification.swift; sourceTree = "<group>"; };
		4F75F8981F8AB5D6007BABC9 /* UserController.swift */ = {isa = PBXFileReference; lastKnownFileType = sourcecode.swift; path = UserController.swift; sourceTree = "<group>"; };
		4F75F89C1F8AB5FF007BABC9 /* View.swift */ = {isa = PBXFileReference; lastKnownFileType = sourcecode.swift; path = View.swift; sourceTree = "<group>"; };
		4F75F89E1F8AB612007BABC9 /* MultipleChoiceView.swift */ = {isa = PBXFileReference; lastKnownFileType = sourcecode.swift; path = MultipleChoiceView.swift; sourceTree = "<group>"; };
		4F75F8A01F8AB631007BABC9 /* DragAndDropView.swift */ = {isa = PBXFileReference; lastKnownFileType = sourcecode.swift; path = DragAndDropView.swift; sourceTree = "<group>"; };
		4F75F8A21F8AB643007BABC9 /* BlankFieldView.swift */ = {isa = PBXFileReference; lastKnownFileType = sourcecode.swift; path = BlankFieldView.swift; sourceTree = "<group>"; };
		4F75F8A41F8AB652007BABC9 /* FillTheGapView.swift */ = {isa = PBXFileReference; lastKnownFileType = sourcecode.swift; path = FillTheGapView.swift; sourceTree = "<group>"; };
		4F75F8A61F8AB660007BABC9 /* SortView.swift */ = {isa = PBXFileReference; lastKnownFileType = sourcecode.swift; path = SortView.swift; sourceTree = "<group>"; };
		4F75F8A81F8AB66C007BABC9 /* LoginView.swift */ = {isa = PBXFileReference; lastKnownFileType = sourcecode.swift; path = LoginView.swift; sourceTree = "<group>"; };
		4F75F8AA1F8AB67A007BABC9 /* RegisterView.swift */ = {isa = PBXFileReference; lastKnownFileType = sourcecode.swift; path = RegisterView.swift; sourceTree = "<group>"; };
		4F75F8AC1F8AB687007BABC9 /* FeedbackView.swift */ = {isa = PBXFileReference; lastKnownFileType = sourcecode.swift; path = FeedbackView.swift; sourceTree = "<group>"; };
		4F75F8AE1F8AB695007BABC9 /* CollectionChallengeView.swift */ = {isa = PBXFileReference; lastKnownFileType = sourcecode.swift; path = CollectionChallengeView.swift; sourceTree = "<group>"; };
		4F819A6E1FA3A3CF00BD69E0 /* GoogleService-Info.plist */ = {isa = PBXFileReference; lastKnownFileType = text.plist.xml; path = "GoogleService-Info.plist"; sourceTree = "<group>"; };
		4F819A6F1FA3A49200BD69E0 /* GoogleService-Info.plist */ = {isa = PBXFileReference; fileEncoding = 4; lastKnownFileType = text.plist.xml; name = "GoogleService-Info.plist"; path = "../GoogleService-Info.plist"; sourceTree = "<group>"; };
		4FB236EA1FAE8CC700196346 /* LevelDAO.swift */ = {isa = PBXFileReference; lastKnownFileType = sourcecode.swift; path = LevelDAO.swift; sourceTree = "<group>"; };
		4FDC55FC1FB151F200E3259E /* be-swift.entitlements */ = {isa = PBXFileReference; lastKnownFileType = text.plist.entitlements; path = "be-swift.entitlements"; sourceTree = "<group>"; };
		504562A9323845B0A40511F6 /* Pods-be-swiftTests.release.xcconfig */ = {isa = PBXFileReference; includeInIndex = 1; lastKnownFileType = text.xcconfig; name = "Pods-be-swiftTests.release.xcconfig"; path = "Pods/Target Support Files/Pods-be-swiftTests/Pods-be-swiftTests.release.xcconfig"; sourceTree = "<group>"; };
		6DB238070BF262761E759C4C /* Pods-be-swift.debug.xcconfig */ = {isa = PBXFileReference; includeInIndex = 1; lastKnownFileType = text.xcconfig; name = "Pods-be-swift.debug.xcconfig"; path = "Pods/Target Support Files/Pods-be-swift/Pods-be-swift.debug.xcconfig"; sourceTree = "<group>"; };
		8FFBA381E169B5259BD02161 /* Pods_be_swiftUITests.framework */ = {isa = PBXFileReference; explicitFileType = wrapper.framework; includeInIndex = 0; path = Pods_be_swiftUITests.framework; sourceTree = BUILT_PRODUCTS_DIR; };
		D61DA73ED960BBAC4D9FB73A /* Pods-be-swiftUITests.debug.xcconfig */ = {isa = PBXFileReference; includeInIndex = 1; lastKnownFileType = text.xcconfig; name = "Pods-be-swiftUITests.debug.xcconfig"; path = "Pods/Target Support Files/Pods-be-swiftUITests/Pods-be-swiftUITests.debug.xcconfig"; sourceTree = "<group>"; };
		EF969BB9545B386FE2EE2139 /* Pods-be-swift.release.xcconfig */ = {isa = PBXFileReference; includeInIndex = 1; lastKnownFileType = text.xcconfig; name = "Pods-be-swift.release.xcconfig"; path = "Pods/Target Support Files/Pods-be-swift/Pods-be-swift.release.xcconfig"; sourceTree = "<group>"; };
		F27DECF7C27696B590F8A0F4 /* Pods-be-swiftTests.debug.xcconfig */ = {isa = PBXFileReference; includeInIndex = 1; lastKnownFileType = text.xcconfig; name = "Pods-be-swiftTests.debug.xcconfig"; path = "Pods/Target Support Files/Pods-be-swiftTests/Pods-be-swiftTests.debug.xcconfig"; sourceTree = "<group>"; };
		FBED5E348C425736CE31AA6C /* Pods_be_swift.framework */ = {isa = PBXFileReference; explicitFileType = wrapper.framework; includeInIndex = 0; path = Pods_be_swift.framework; sourceTree = BUILT_PRODUCTS_DIR; };
/* End PBXFileReference section */

/* Begin PBXFrameworksBuildPhase section */
		4F75F84B1F8AB491007BABC9 /* Frameworks */ = {
			isa = PBXFrameworksBuildPhase;
			buildActionMask = 2147483647;
			files = (
				8E2EE68437321722F169148A /* Pods_be_swift.framework in Frameworks */,
			);
			runOnlyForDeploymentPostprocessing = 0;
		};
		4F75F8621F8AB492007BABC9 /* Frameworks */ = {
			isa = PBXFrameworksBuildPhase;
			buildActionMask = 2147483647;
			files = (
				F429907BB41081C042E3001C /* Pods_be_swiftTests.framework in Frameworks */,
			);
			runOnlyForDeploymentPostprocessing = 0;
		};
		4F75F86D1F8AB492007BABC9 /* Frameworks */ = {
			isa = PBXFrameworksBuildPhase;
			buildActionMask = 2147483647;
			files = (
				A057F119DB6D9FCF7F11DC0B /* Pods_be_swiftUITests.framework in Frameworks */,
			);
			runOnlyForDeploymentPostprocessing = 0;
		};
/* End PBXFrameworksBuildPhase section */

/* Begin PBXGroup section */
		492E75B71F9125EB00A4AD4F /* Resources */ = {
			isa = PBXGroup;
			children = (
				4F75F85B1F8AB492007BABC9 /* Assets.xcassets */,
				492E75C41F9128DD00A4AD4F /* Fonts */,
			);
			name = Resources;
			sourceTree = "<group>";
		};
		492E75C41F9128DD00A4AD4F /* Fonts */ = {
			isa = PBXGroup;
			children = (
				492E75BD1F91271700A4AD4F /* SanFranciscoText-Bold.otf */,
				492E75C31F91271800A4AD4F /* SanFranciscoText-BoldItalic.otf */,
				492E75BC1F91271700A4AD4F /* SanFranciscoText-Heavy.otf */,
				492E75B91F91271600A4AD4F /* SanFranciscoText-HeavyItalic.otf */,
				492E75BF1F91271700A4AD4F /* SanFranciscoText-Light.otf */,
				492E75BA1F91271600A4AD4F /* SanFranciscoText-LightItalic.otf */,
				492E75C01F91271700A4AD4F /* SanFranciscoText-Medium.otf */,
				492E75B81F91271600A4AD4F /* SanFranciscoText-MediumItalic.otf */,
				492E75BE1F91271700A4AD4F /* SanFranciscoText-Regular.otf */,
				492E75BB1F91271700A4AD4F /* SanFranciscoText-RegularItalic.otf */,
				492E75C11F91271800A4AD4F /* SanFranciscoText-Semibold.otf */,
				492E75C21F91271800A4AD4F /* SanFranciscoText-SemiboldItalic.otf */,
			);
			name = Fonts;
			sourceTree = "<group>";
		};
		497703541F8EAA8300102F08 /* Setup */ = {
			isa = PBXGroup;
			children = (
				497703551F8EAA9E00102F08 /* Label.swift */,
				49D8110C1FB1E2FE00E411DC /* TextField.swift */,
				4949DAED1FB0975A0002E651 /* String.swift */,
				49C4B4051F8EC57100A84C69 /* Button.swift */,
				497703571F8EABDC00102F08 /* DeviceScale.swift */,
				49C3807D1F96645500DC5293 /* TextView.swift */,
				49C4B4031F8EBD5100A84C69 /* DeviceTypes.swift */,
			);
			name = Setup;
			sourceTree = "<group>";
		};
		4F75F8451F8AB491007BABC9 = {
			isa = PBXGroup;
			children = (
				4F75F8501F8AB491007BABC9 /* be-swift */,
				4F75F8681F8AB492007BABC9 /* be-swiftTests */,
				4F75F8731F8AB492007BABC9 /* be-swiftUITests */,
				4F75F84F1F8AB491007BABC9 /* Products */,
				B6C4E869951859A96BC0C0C5 /* Pods */,
				6AC676D67450A145231566DC /* Frameworks */,
			);
			sourceTree = "<group>";
		};
		4F75F84F1F8AB491007BABC9 /* Products */ = {
			isa = PBXGroup;
			children = (
				4F75F84E1F8AB491007BABC9 /* be-swift.app */,
				4F75F8651F8AB492007BABC9 /* be-swiftTests.xctest */,
				4F75F8701F8AB492007BABC9 /* be-swiftUITests.xctest */,
			);
			name = Products;
			sourceTree = "<group>";
		};
		4F75F8501F8AB491007BABC9 /* be-swift */ = {
			isa = PBXGroup;
			children = (
				4FDC55FC1FB151F200E3259E /* be-swift.entitlements */,
				4F75F8511F8AB491007BABC9 /* AppDelegate.swift */,
				4F75F8821F8AB4AA007BABC9 /* Model */,
				4F75F8851F8AB4BC007BABC9 /* Controller */,
				4F75F8841F8AB4B4007BABC9 /* View */,
				4F75F85D1F8AB492007BABC9 /* LaunchScreen.storyboard */,
				4F75F8601F8AB492007BABC9 /* Info.plist */,
				4F75F8581F8AB492007BABC9 /* be_swift.xcdatamodeld */,
				4F819A6F1FA3A49200BD69E0 /* GoogleService-Info.plist */,
			);
			path = "be-swift";
			sourceTree = "<group>";
		};
		4F75F8681F8AB492007BABC9 /* be-swiftTests */ = {
			isa = PBXGroup;
			children = (
				4F75F8691F8AB492007BABC9 /* be_swiftTests.swift */,
				4F75F86B1F8AB492007BABC9 /* Info.plist */,
			);
			path = "be-swiftTests";
			sourceTree = "<group>";
		};
		4F75F8731F8AB492007BABC9 /* be-swiftUITests */ = {
			isa = PBXGroup;
			children = (
				4F75F8741F8AB492007BABC9 /* be_swiftUITests.swift */,
				4F75F8761F8AB492007BABC9 /* Info.plist */,
			);
			path = "be-swiftUITests";
			sourceTree = "<group>";
		};
		4F75F8821F8AB4AA007BABC9 /* Model */ = {
			isa = PBXGroup;
			children = (
				4F75F8831F8AB4AF007BABC9 /* DAO */,
				4F75F88C1F8AB547007BABC9 /* User.swift */,
				4F75F88E1F8AB55C007BABC9 /* UserChallengeInfo.swift */,
				4F75F8901F8AB58B007BABC9 /* Challenge.swift */,
				4F75F8921F8AB595007BABC9 /* Level.swift */,
				4F75F8941F8AB5AE007BABC9 /* ChallengeTopic.swift */,
				4F75F8961F8AB5BA007BABC9 /* Notification.swift */,
			);
			path = Model;
			sourceTree = "<group>";
		};
		4F75F8831F8AB4AF007BABC9 /* DAO */ = {
			isa = PBXGroup;
			children = (
				4FB236EA1FAE8CC700196346 /* LevelDAO.swift */,
				4F75F8881F8AB51A007BABC9 /* UserDAO.swift */,
			);
			path = DAO;
			sourceTree = "<group>";
		};
		4F75F8841F8AB4B4007BABC9 /* View */ = {
			isa = PBXGroup;
			children = (
				4F819A6E1FA3A3CF00BD69E0 /* GoogleService-Info.plist */,
				492E75B71F9125EB00A4AD4F /* Resources */,
				497703541F8EAA8300102F08 /* Setup */,
				4F75F8551F8AB491007BABC9 /* Main.storyboard */,
				4F75F89C1F8AB5FF007BABC9 /* View.swift */,
				4F75F89E1F8AB612007BABC9 /* MultipleChoiceView.swift */,
				03A343221FA2433A007827D8 /* SSRadioButton.swift */,
				4F75F8A01F8AB631007BABC9 /* DragAndDropView.swift */,
				4F75F8A21F8AB643007BABC9 /* BlankFieldView.swift */,
				4F75F8A41F8AB652007BABC9 /* FillTheGapView.swift */,
				4F75F8A61F8AB660007BABC9 /* SortView.swift */,
				4F75F8A81F8AB66C007BABC9 /* LoginView.swift */,
				4F75F8AA1F8AB67A007BABC9 /* RegisterView.swift */,
				4F75F8AC1F8AB687007BABC9 /* FeedbackView.swift */,
				4F75F8AE1F8AB695007BABC9 /* CollectionChallengeView.swift */,
				03C0AD081FB2011800AF0A36 /* CollectionChallengesCell.swift */,
			);
			path = View;
			sourceTree = "<group>";
		};
		4F75F8851F8AB4BC007BABC9 /* Controller */ = {
			isa = PBXGroup;
			children = (
				03AD2B9D1FB32D1300F58DEA /* ViewController.swift */,
				4F75F8981F8AB5D6007BABC9 /* UserController.swift */,
				49F8D6F91FA1278D00E7CF9F /* WebDocumentationViewController.swift */,
				03D9FCDA1F98FC61000512F5 /* SortViewController.swift */,
				03ECA9241F9EBD2D00EF8E4B /* SSRadioButtonsController.swift */,
				49F8D6F71FA1267900E7CF9F /* BlankFieldViewController.swift */,
				03ECA9261F9EBD8F00EF8E4B /* MultipleChoiceController.swift */,
				03AD2B9B1FB255B600F58DEA /* FeedbackViewController.swift */,
			);
			path = Controller;
			sourceTree = "<group>";
		};
		6AC676D67450A145231566DC /* Frameworks */ = {
			isa = PBXGroup;
			children = (
				FBED5E348C425736CE31AA6C /* Pods_be_swift.framework */,
				39B23C295BD2706916CA21BC /* Pods_be_swiftTests.framework */,
				8FFBA381E169B5259BD02161 /* Pods_be_swiftUITests.framework */,
			);
			name = Frameworks;
			sourceTree = "<group>";
		};
		B6C4E869951859A96BC0C0C5 /* Pods */ = {
			isa = PBXGroup;
			children = (
				6DB238070BF262761E759C4C /* Pods-be-swift.debug.xcconfig */,
				EF969BB9545B386FE2EE2139 /* Pods-be-swift.release.xcconfig */,
				F27DECF7C27696B590F8A0F4 /* Pods-be-swiftTests.debug.xcconfig */,
				504562A9323845B0A40511F6 /* Pods-be-swiftTests.release.xcconfig */,
				D61DA73ED960BBAC4D9FB73A /* Pods-be-swiftUITests.debug.xcconfig */,
				1F69AF8666B4619D9701223C /* Pods-be-swiftUITests.release.xcconfig */,
			);
			name = Pods;
			sourceTree = "<group>";
		};
/* End PBXGroup section */

/* Begin PBXNativeTarget section */
		4F75F84D1F8AB491007BABC9 /* be-swift */ = {
			isa = PBXNativeTarget;
			buildConfigurationList = 4F75F8791F8AB492007BABC9 /* Build configuration list for PBXNativeTarget "be-swift" */;
			buildPhases = (
				19A5738CE12D522B84D6BEC3 /* [CP] Check Pods Manifest.lock */,
				4F75F84A1F8AB491007BABC9 /* Sources */,
				4F75F84B1F8AB491007BABC9 /* Frameworks */,
				4F75F84C1F8AB491007BABC9 /* Resources */,
				1189DEF01B930093B28F1615 /* [CP] Embed Pods Frameworks */,
				D2ADD8B001BA10F79A53A1AA /* [CP] Copy Pods Resources */,
			);
			buildRules = (
			);
			dependencies = (
			);
			name = "be-swift";
			productName = "be-swift";
			productReference = 4F75F84E1F8AB491007BABC9 /* be-swift.app */;
			productType = "com.apple.product-type.application";
		};
		4F75F8641F8AB492007BABC9 /* be-swiftTests */ = {
			isa = PBXNativeTarget;
			buildConfigurationList = 4F75F87C1F8AB492007BABC9 /* Build configuration list for PBXNativeTarget "be-swiftTests" */;
			buildPhases = (
				E433106ACE25FCB50740F7E3 /* [CP] Check Pods Manifest.lock */,
				4F75F8611F8AB492007BABC9 /* Sources */,
				4F75F8621F8AB492007BABC9 /* Frameworks */,
				4F75F8631F8AB492007BABC9 /* Resources */,
				4DD56A69EFA33A36FEEE6928 /* [CP] Embed Pods Frameworks */,
				E126459C3BCA22E64E320D3D /* [CP] Copy Pods Resources */,
			);
			buildRules = (
			);
			dependencies = (
				4F75F8671F8AB492007BABC9 /* PBXTargetDependency */,
			);
			name = "be-swiftTests";
			productName = "be-swiftTests";
			productReference = 4F75F8651F8AB492007BABC9 /* be-swiftTests.xctest */;
			productType = "com.apple.product-type.bundle.unit-test";
		};
		4F75F86F1F8AB492007BABC9 /* be-swiftUITests */ = {
			isa = PBXNativeTarget;
			buildConfigurationList = 4F75F87F1F8AB492007BABC9 /* Build configuration list for PBXNativeTarget "be-swiftUITests" */;
			buildPhases = (
				6DA5A3CFCEAF3BDB59039CC4 /* [CP] Check Pods Manifest.lock */,
				4F75F86C1F8AB492007BABC9 /* Sources */,
				4F75F86D1F8AB492007BABC9 /* Frameworks */,
				4F75F86E1F8AB492007BABC9 /* Resources */,
				529AAEFA4F7975D87F889FAF /* [CP] Embed Pods Frameworks */,
				AAF18FA5BA280D07906C79E4 /* [CP] Copy Pods Resources */,
			);
			buildRules = (
			);
			dependencies = (
				4F75F8721F8AB492007BABC9 /* PBXTargetDependency */,
			);
			name = "be-swiftUITests";
			productName = "be-swiftUITests";
			productReference = 4F75F8701F8AB492007BABC9 /* be-swiftUITests.xctest */;
			productType = "com.apple.product-type.bundle.ui-testing";
		};
/* End PBXNativeTarget section */

/* Begin PBXProject section */
		4F75F8461F8AB491007BABC9 /* Project object */ = {
			isa = PBXProject;
			attributes = {
				LastSwiftUpdateCheck = 0900;
				LastUpgradeCheck = 0900;
				ORGANIZATIONNAME = "Isabella Vieira";
				TargetAttributes = {
					4F75F84D1F8AB491007BABC9 = {
						CreatedOnToolsVersion = 9.0;
						ProvisioningStyle = Automatic;
						SystemCapabilities = {
							com.apple.Push = {
								enabled = 1;
							};
						};
					};
					4F75F8641F8AB492007BABC9 = {
						CreatedOnToolsVersion = 9.0;
						ProvisioningStyle = Automatic;
						TestTargetID = 4F75F84D1F8AB491007BABC9;
					};
					4F75F86F1F8AB492007BABC9 = {
						CreatedOnToolsVersion = 9.0;
						ProvisioningStyle = Automatic;
						TestTargetID = 4F75F84D1F8AB491007BABC9;
					};
				};
			};
			buildConfigurationList = 4F75F8491F8AB491007BABC9 /* Build configuration list for PBXProject "be-swift" */;
			compatibilityVersion = "Xcode 8.0";
			developmentRegion = en;
			hasScannedForEncodings = 0;
			knownRegions = (
				en,
				Base,
			);
			mainGroup = 4F75F8451F8AB491007BABC9;
			productRefGroup = 4F75F84F1F8AB491007BABC9 /* Products */;
			projectDirPath = "";
			projectRoot = "";
			targets = (
				4F75F84D1F8AB491007BABC9 /* be-swift */,
				4F75F8641F8AB492007BABC9 /* be-swiftTests */,
				4F75F86F1F8AB492007BABC9 /* be-swiftUITests */,
			);
		};
/* End PBXProject section */

/* Begin PBXResourcesBuildPhase section */
		4F75F84C1F8AB491007BABC9 /* Resources */ = {
			isa = PBXResourcesBuildPhase;
			buildActionMask = 2147483647;
			files = (
				492E75C71F91296800A4AD4F /* SanFranciscoText-Heavy.otf in Resources */,
				492E75CA1F91296800A4AD4F /* SanFranciscoText-LightItalic.otf in Resources */,
				492E75C81F91296800A4AD4F /* SanFranciscoText-HeavyItalic.otf in Resources */,
				492E75CB1F91296800A4AD4F /* SanFranciscoText-Medium.otf in Resources */,
				492E75D01F91296800A4AD4F /* SanFranciscoText-SemiboldItalic.otf in Resources */,
				4F75F85F1F8AB492007BABC9 /* LaunchScreen.storyboard in Resources */,
				492E75CD1F91296800A4AD4F /* SanFranciscoText-Regular.otf in Resources */,
				492E75C51F91296000A4AD4F /* SanFranciscoText-Bold.otf in Resources */,
				492E75C61F91296400A4AD4F /* SanFranciscoText-BoldItalic.otf in Resources */,
				4F819A701FA3A49200BD69E0 /* GoogleService-Info.plist in Resources */,
				492E75C91F91296800A4AD4F /* SanFranciscoText-Light.otf in Resources */,
				492E75CF1F91296800A4AD4F /* SanFranciscoText-Semibold.otf in Resources */,
				4F75F85C1F8AB492007BABC9 /* Assets.xcassets in Resources */,
				492E75CC1F91296800A4AD4F /* SanFranciscoText-MediumItalic.otf in Resources */,
				4F75F8571F8AB491007BABC9 /* Main.storyboard in Resources */,
				492E75CE1F91296800A4AD4F /* SanFranciscoText-RegularItalic.otf in Resources */,
			);
			runOnlyForDeploymentPostprocessing = 0;
		};
		4F75F8631F8AB492007BABC9 /* Resources */ = {
			isa = PBXResourcesBuildPhase;
			buildActionMask = 2147483647;
			files = (
			);
			runOnlyForDeploymentPostprocessing = 0;
		};
		4F75F86E1F8AB492007BABC9 /* Resources */ = {
			isa = PBXResourcesBuildPhase;
			buildActionMask = 2147483647;
			files = (
			);
			runOnlyForDeploymentPostprocessing = 0;
		};
/* End PBXResourcesBuildPhase section */

/* Begin PBXShellScriptBuildPhase section */
		1189DEF01B930093B28F1615 /* [CP] Embed Pods Frameworks */ = {
			isa = PBXShellScriptBuildPhase;
			buildActionMask = 2147483647;
			files = (
			);
			inputPaths = (
				"${SRCROOT}/Pods/Target Support Files/Pods-be-swift/Pods-be-swift-frameworks.sh",
				"${BUILT_PRODUCTS_DIR}/GoogleToolboxForMac/GoogleToolboxForMac.framework",
				"${BUILT_PRODUCTS_DIR}/Protobuf/Protobuf.framework",
				"${BUILT_PRODUCTS_DIR}/leveldb-library/leveldb.framework",
				"${BUILT_PRODUCTS_DIR}/nanopb/nanopb.framework",
			);
			name = "[CP] Embed Pods Frameworks";
			outputPaths = (
				"${TARGET_BUILD_DIR}/${FRAMEWORKS_FOLDER_PATH}/GoogleToolboxForMac.framework",
				"${TARGET_BUILD_DIR}/${FRAMEWORKS_FOLDER_PATH}/Protobuf.framework",
				"${TARGET_BUILD_DIR}/${FRAMEWORKS_FOLDER_PATH}/leveldb.framework",
				"${TARGET_BUILD_DIR}/${FRAMEWORKS_FOLDER_PATH}/nanopb.framework",
			);
			runOnlyForDeploymentPostprocessing = 0;
			shellPath = /bin/sh;
			shellScript = "\"${SRCROOT}/Pods/Target Support Files/Pods-be-swift/Pods-be-swift-frameworks.sh\"\n";
			showEnvVarsInLog = 0;
		};
		19A5738CE12D522B84D6BEC3 /* [CP] Check Pods Manifest.lock */ = {
			isa = PBXShellScriptBuildPhase;
			buildActionMask = 2147483647;
			files = (
			);
			inputPaths = (
				"${PODS_PODFILE_DIR_PATH}/Podfile.lock",
				"${PODS_ROOT}/Manifest.lock",
			);
			name = "[CP] Check Pods Manifest.lock";
			outputPaths = (
				"$(DERIVED_FILE_DIR)/Pods-be-swift-checkManifestLockResult.txt",
			);
			runOnlyForDeploymentPostprocessing = 0;
			shellPath = /bin/sh;
			shellScript = "diff \"${PODS_PODFILE_DIR_PATH}/Podfile.lock\" \"${PODS_ROOT}/Manifest.lock\" > /dev/null\nif [ $? != 0 ] ; then\n    # print error to STDERR\n    echo \"error: The sandbox is not in sync with the Podfile.lock. Run 'pod install' or update your CocoaPods installation.\" >&2\n    exit 1\nfi\n# This output is used by Xcode 'outputs' to avoid re-running this script phase.\necho \"SUCCESS\" > \"${SCRIPT_OUTPUT_FILE_0}\"\n";
			showEnvVarsInLog = 0;
		};
		4DD56A69EFA33A36FEEE6928 /* [CP] Embed Pods Frameworks */ = {
			isa = PBXShellScriptBuildPhase;
			buildActionMask = 2147483647;
			files = (
			);
			inputPaths = (
			);
			name = "[CP] Embed Pods Frameworks";
			outputPaths = (
			);
			runOnlyForDeploymentPostprocessing = 0;
			shellPath = /bin/sh;
			shellScript = "\"${SRCROOT}/Pods/Target Support Files/Pods-be-swiftTests/Pods-be-swiftTests-frameworks.sh\"\n";
			showEnvVarsInLog = 0;
		};
		529AAEFA4F7975D87F889FAF /* [CP] Embed Pods Frameworks */ = {
			isa = PBXShellScriptBuildPhase;
			buildActionMask = 2147483647;
			files = (
			);
			inputPaths = (
			);
			name = "[CP] Embed Pods Frameworks";
			outputPaths = (
			);
			runOnlyForDeploymentPostprocessing = 0;
			shellPath = /bin/sh;
			shellScript = "\"${SRCROOT}/Pods/Target Support Files/Pods-be-swiftUITests/Pods-be-swiftUITests-frameworks.sh\"\n";
			showEnvVarsInLog = 0;
		};
		6DA5A3CFCEAF3BDB59039CC4 /* [CP] Check Pods Manifest.lock */ = {
			isa = PBXShellScriptBuildPhase;
			buildActionMask = 2147483647;
			files = (
			);
			inputPaths = (
				"${PODS_PODFILE_DIR_PATH}/Podfile.lock",
				"${PODS_ROOT}/Manifest.lock",
			);
			name = "[CP] Check Pods Manifest.lock";
			outputPaths = (
				"$(DERIVED_FILE_DIR)/Pods-be-swiftUITests-checkManifestLockResult.txt",
			);
			runOnlyForDeploymentPostprocessing = 0;
			shellPath = /bin/sh;
			shellScript = "diff \"${PODS_PODFILE_DIR_PATH}/Podfile.lock\" \"${PODS_ROOT}/Manifest.lock\" > /dev/null\nif [ $? != 0 ] ; then\n    # print error to STDERR\n    echo \"error: The sandbox is not in sync with the Podfile.lock. Run 'pod install' or update your CocoaPods installation.\" >&2\n    exit 1\nfi\n# This output is used by Xcode 'outputs' to avoid re-running this script phase.\necho \"SUCCESS\" > \"${SCRIPT_OUTPUT_FILE_0}\"\n";
			showEnvVarsInLog = 0;
		};
		AAF18FA5BA280D07906C79E4 /* [CP] Copy Pods Resources */ = {
			isa = PBXShellScriptBuildPhase;
			buildActionMask = 2147483647;
			files = (
			);
			inputPaths = (
			);
			name = "[CP] Copy Pods Resources";
			outputPaths = (
			);
			runOnlyForDeploymentPostprocessing = 0;
			shellPath = /bin/sh;
			shellScript = "\"${SRCROOT}/Pods/Target Support Files/Pods-be-swiftUITests/Pods-be-swiftUITests-resources.sh\"\n";
			showEnvVarsInLog = 0;
		};
		D2ADD8B001BA10F79A53A1AA /* [CP] Copy Pods Resources */ = {
			isa = PBXShellScriptBuildPhase;
			buildActionMask = 2147483647;
			files = (
			);
			inputPaths = (
			);
			name = "[CP] Copy Pods Resources";
			outputPaths = (
			);
			runOnlyForDeploymentPostprocessing = 0;
			shellPath = /bin/sh;
			shellScript = "\"${SRCROOT}/Pods/Target Support Files/Pods-be-swift/Pods-be-swift-resources.sh\"\n";
			showEnvVarsInLog = 0;
		};
		E126459C3BCA22E64E320D3D /* [CP] Copy Pods Resources */ = {
			isa = PBXShellScriptBuildPhase;
			buildActionMask = 2147483647;
			files = (
			);
			inputPaths = (
			);
			name = "[CP] Copy Pods Resources";
			outputPaths = (
			);
			runOnlyForDeploymentPostprocessing = 0;
			shellPath = /bin/sh;
			shellScript = "\"${SRCROOT}/Pods/Target Support Files/Pods-be-swiftTests/Pods-be-swiftTests-resources.sh\"\n";
			showEnvVarsInLog = 0;
		};
		E433106ACE25FCB50740F7E3 /* [CP] Check Pods Manifest.lock */ = {
			isa = PBXShellScriptBuildPhase;
			buildActionMask = 2147483647;
			files = (
			);
			inputPaths = (
				"${PODS_PODFILE_DIR_PATH}/Podfile.lock",
				"${PODS_ROOT}/Manifest.lock",
			);
			name = "[CP] Check Pods Manifest.lock";
			outputPaths = (
				"$(DERIVED_FILE_DIR)/Pods-be-swiftTests-checkManifestLockResult.txt",
			);
			runOnlyForDeploymentPostprocessing = 0;
			shellPath = /bin/sh;
			shellScript = "diff \"${PODS_PODFILE_DIR_PATH}/Podfile.lock\" \"${PODS_ROOT}/Manifest.lock\" > /dev/null\nif [ $? != 0 ] ; then\n    # print error to STDERR\n    echo \"error: The sandbox is not in sync with the Podfile.lock. Run 'pod install' or update your CocoaPods installation.\" >&2\n    exit 1\nfi\n# This output is used by Xcode 'outputs' to avoid re-running this script phase.\necho \"SUCCESS\" > \"${SCRIPT_OUTPUT_FILE_0}\"\n";
			showEnvVarsInLog = 0;
		};
/* End PBXShellScriptBuildPhase section */

/* Begin PBXSourcesBuildPhase section */
		4F75F84A1F8AB491007BABC9 /* Sources */ = {
			isa = PBXSourcesBuildPhase;
			buildActionMask = 2147483647;
			files = (
				49F8D6FA1FA1278D00E7CF9F /* WebDocumentationViewController.swift in Sources */,
				4F75F85A1F8AB492007BABC9 /* be_swift.xcdatamodeld in Sources */,
				4F75F8A11F8AB631007BABC9 /* DragAndDropView.swift in Sources */,
				03AD2B9C1FB255B600F58DEA /* FeedbackViewController.swift in Sources */,
				03C0AD091FB2011800AF0A36 /* CollectionChallengesCell.swift in Sources */,
				4FB236EB1FAE8CC700196346 /* LevelDAO.swift in Sources */,
				4F75F8A51F8AB652007BABC9 /* FillTheGapView.swift in Sources */,
				4F75F8AB1F8AB67A007BABC9 /* RegisterView.swift in Sources */,
				4F75F8951F8AB5AE007BABC9 /* ChallengeTopic.swift in Sources */,
				4F75F88D1F8AB547007BABC9 /* User.swift in Sources */,
				4F75F8931F8AB595007BABC9 /* Level.swift in Sources */,
				497703581F8EABDC00102F08 /* DeviceScale.swift in Sources */,
				4F75F89F1F8AB612007BABC9 /* MultipleChoiceView.swift in Sources */,
				4F75F8AD1F8AB687007BABC9 /* FeedbackView.swift in Sources */,
				03ECA9251F9EBD2D00EF8E4B /* SSRadioButtonsController.swift in Sources */,
				4F75F8991F8AB5D6007BABC9 /* UserController.swift in Sources */,
				4F75F88F1F8AB55C007BABC9 /* UserChallengeInfo.swift in Sources */,
				4F75F8911F8AB58B007BABC9 /* Challenge.swift in Sources */,
				497703561F8EAA9E00102F08 /* Label.swift in Sources */,
				03ECA9271F9EBD8F00EF8E4B /* MultipleChoiceController.swift in Sources */,
				03AD2B9E1FB32D1300F58DEA /* ViewController.swift in Sources */,
				49C4B4061F8EC57100A84C69 /* Button.swift in Sources */,
				49C3807E1F96645500DC5293 /* TextView.swift in Sources */,
				03D9FCDB1F98FC61000512F5 /* SortViewController.swift in Sources */,
				4F75F8971F8AB5BA007BABC9 /* Notification.swift in Sources */,
				4F75F8891F8AB51A007BABC9 /* UserDAO.swift in Sources */,
				49F8D6F81FA1267900E7CF9F /* BlankFieldViewController.swift in Sources */,
				4F75F8521F8AB491007BABC9 /* AppDelegate.swift in Sources */,
				4F75F8A31F8AB643007BABC9 /* BlankFieldView.swift in Sources */,
				4F75F8AF1F8AB695007BABC9 /* CollectionChallengeView.swift in Sources */,
				4F75F89D1F8AB5FF007BABC9 /* View.swift in Sources */,
				4F75F8A91F8AB66C007BABC9 /* LoginView.swift in Sources */,
				4949DAEE1FB0975A0002E651 /* String.swift in Sources */,
				49D8110D1FB1E2FE00E411DC /* TextField.swift in Sources */,
				4F75F8A71F8AB660007BABC9 /* SortView.swift in Sources */,
				49C4B4041F8EBD5100A84C69 /* DeviceTypes.swift in Sources */,
				03A343231FA2433A007827D8 /* SSRadioButton.swift in Sources */,
			);
			runOnlyForDeploymentPostprocessing = 0;
		};
		4F75F8611F8AB492007BABC9 /* Sources */ = {
			isa = PBXSourcesBuildPhase;
			buildActionMask = 2147483647;
			files = (
				4F75F86A1F8AB492007BABC9 /* be_swiftTests.swift in Sources */,
			);
			runOnlyForDeploymentPostprocessing = 0;
		};
		4F75F86C1F8AB492007BABC9 /* Sources */ = {
			isa = PBXSourcesBuildPhase;
			buildActionMask = 2147483647;
			files = (
				4F75F8751F8AB492007BABC9 /* be_swiftUITests.swift in Sources */,
			);
			runOnlyForDeploymentPostprocessing = 0;
		};
/* End PBXSourcesBuildPhase section */

/* Begin PBXTargetDependency section */
		4F75F8671F8AB492007BABC9 /* PBXTargetDependency */ = {
			isa = PBXTargetDependency;
			target = 4F75F84D1F8AB491007BABC9 /* be-swift */;
			targetProxy = 4F75F8661F8AB492007BABC9 /* PBXContainerItemProxy */;
		};
		4F75F8721F8AB492007BABC9 /* PBXTargetDependency */ = {
			isa = PBXTargetDependency;
			target = 4F75F84D1F8AB491007BABC9 /* be-swift */;
			targetProxy = 4F75F8711F8AB492007BABC9 /* PBXContainerItemProxy */;
		};
/* End PBXTargetDependency section */

/* Begin PBXVariantGroup section */
		4F75F8551F8AB491007BABC9 /* Main.storyboard */ = {
			isa = PBXVariantGroup;
			children = (
				4F75F8561F8AB491007BABC9 /* Base */,
			);
			name = Main.storyboard;
			sourceTree = "<group>";
		};
		4F75F85D1F8AB492007BABC9 /* LaunchScreen.storyboard */ = {
			isa = PBXVariantGroup;
			children = (
				4F75F85E1F8AB492007BABC9 /* Base */,
			);
			name = LaunchScreen.storyboard;
			sourceTree = "<group>";
		};
/* End PBXVariantGroup section */

/* Begin XCBuildConfiguration section */
		4F75F8771F8AB492007BABC9 /* Debug */ = {
			isa = XCBuildConfiguration;
			buildSettings = {
				ALWAYS_SEARCH_USER_PATHS = NO;
				CLANG_ANALYZER_NONNULL = YES;
				CLANG_ANALYZER_NUMBER_OBJECT_CONVERSION = YES_AGGRESSIVE;
				CLANG_CXX_LANGUAGE_STANDARD = "gnu++14";
				CLANG_CXX_LIBRARY = "libc++";
				CLANG_ENABLE_MODULES = YES;
				CLANG_ENABLE_OBJC_ARC = YES;
				CLANG_WARN_BLOCK_CAPTURE_AUTORELEASING = YES;
				CLANG_WARN_BOOL_CONVERSION = YES;
				CLANG_WARN_COMMA = YES;
				CLANG_WARN_CONSTANT_CONVERSION = YES;
				CLANG_WARN_DIRECT_OBJC_ISA_USAGE = YES_ERROR;
				CLANG_WARN_DOCUMENTATION_COMMENTS = YES;
				CLANG_WARN_EMPTY_BODY = YES;
				CLANG_WARN_ENUM_CONVERSION = YES;
				CLANG_WARN_INFINITE_RECURSION = YES;
				CLANG_WARN_INT_CONVERSION = YES;
				CLANG_WARN_NON_LITERAL_NULL_CONVERSION = YES;
				CLANG_WARN_OBJC_LITERAL_CONVERSION = YES;
				CLANG_WARN_OBJC_ROOT_CLASS = YES_ERROR;
				CLANG_WARN_RANGE_LOOP_ANALYSIS = YES;
				CLANG_WARN_STRICT_PROTOTYPES = YES;
				CLANG_WARN_SUSPICIOUS_MOVE = YES;
				CLANG_WARN_UNGUARDED_AVAILABILITY = YES_AGGRESSIVE;
				CLANG_WARN_UNREACHABLE_CODE = YES;
				CLANG_WARN__DUPLICATE_METHOD_MATCH = YES;
				CODE_SIGN_IDENTITY = "iPhone Developer";
				COPY_PHASE_STRIP = NO;
				DEBUG_INFORMATION_FORMAT = dwarf;
				ENABLE_STRICT_OBJC_MSGSEND = YES;
				ENABLE_TESTABILITY = YES;
				GCC_C_LANGUAGE_STANDARD = gnu11;
				GCC_DYNAMIC_NO_PIC = NO;
				GCC_NO_COMMON_BLOCKS = YES;
				GCC_OPTIMIZATION_LEVEL = 0;
				GCC_PREPROCESSOR_DEFINITIONS = (
					"DEBUG=1",
					"$(inherited)",
				);
				GCC_WARN_64_TO_32_BIT_CONVERSION = YES;
				GCC_WARN_ABOUT_RETURN_TYPE = YES_ERROR;
				GCC_WARN_UNDECLARED_SELECTOR = YES;
				GCC_WARN_UNINITIALIZED_AUTOS = YES_AGGRESSIVE;
				GCC_WARN_UNUSED_FUNCTION = YES;
				GCC_WARN_UNUSED_VARIABLE = YES;
				IPHONEOS_DEPLOYMENT_TARGET = 11.0;
				MTL_ENABLE_DEBUG_INFO = YES;
				ONLY_ACTIVE_ARCH = YES;
				SDKROOT = iphoneos;
				SWIFT_ACTIVE_COMPILATION_CONDITIONS = DEBUG;
				SWIFT_OPTIMIZATION_LEVEL = "-Onone";
			};
			name = Debug;
		};
		4F75F8781F8AB492007BABC9 /* Release */ = {
			isa = XCBuildConfiguration;
			buildSettings = {
				ALWAYS_SEARCH_USER_PATHS = NO;
				CLANG_ANALYZER_NONNULL = YES;
				CLANG_ANALYZER_NUMBER_OBJECT_CONVERSION = YES_AGGRESSIVE;
				CLANG_CXX_LANGUAGE_STANDARD = "gnu++14";
				CLANG_CXX_LIBRARY = "libc++";
				CLANG_ENABLE_MODULES = YES;
				CLANG_ENABLE_OBJC_ARC = YES;
				CLANG_WARN_BLOCK_CAPTURE_AUTORELEASING = YES;
				CLANG_WARN_BOOL_CONVERSION = YES;
				CLANG_WARN_COMMA = YES;
				CLANG_WARN_CONSTANT_CONVERSION = YES;
				CLANG_WARN_DIRECT_OBJC_ISA_USAGE = YES_ERROR;
				CLANG_WARN_DOCUMENTATION_COMMENTS = YES;
				CLANG_WARN_EMPTY_BODY = YES;
				CLANG_WARN_ENUM_CONVERSION = YES;
				CLANG_WARN_INFINITE_RECURSION = YES;
				CLANG_WARN_INT_CONVERSION = YES;
				CLANG_WARN_NON_LITERAL_NULL_CONVERSION = YES;
				CLANG_WARN_OBJC_LITERAL_CONVERSION = YES;
				CLANG_WARN_OBJC_ROOT_CLASS = YES_ERROR;
				CLANG_WARN_RANGE_LOOP_ANALYSIS = YES;
				CLANG_WARN_STRICT_PROTOTYPES = YES;
				CLANG_WARN_SUSPICIOUS_MOVE = YES;
				CLANG_WARN_UNGUARDED_AVAILABILITY = YES_AGGRESSIVE;
				CLANG_WARN_UNREACHABLE_CODE = YES;
				CLANG_WARN__DUPLICATE_METHOD_MATCH = YES;
				CODE_SIGN_IDENTITY = "iPhone Developer";
				COPY_PHASE_STRIP = NO;
				DEBUG_INFORMATION_FORMAT = "dwarf-with-dsym";
				ENABLE_NS_ASSERTIONS = NO;
				ENABLE_STRICT_OBJC_MSGSEND = YES;
				GCC_C_LANGUAGE_STANDARD = gnu11;
				GCC_NO_COMMON_BLOCKS = YES;
				GCC_WARN_64_TO_32_BIT_CONVERSION = YES;
				GCC_WARN_ABOUT_RETURN_TYPE = YES_ERROR;
				GCC_WARN_UNDECLARED_SELECTOR = YES;
				GCC_WARN_UNINITIALIZED_AUTOS = YES_AGGRESSIVE;
				GCC_WARN_UNUSED_FUNCTION = YES;
				GCC_WARN_UNUSED_VARIABLE = YES;
				IPHONEOS_DEPLOYMENT_TARGET = 11.0;
				MTL_ENABLE_DEBUG_INFO = NO;
				SDKROOT = iphoneos;
				SWIFT_OPTIMIZATION_LEVEL = "-Owholemodule";
				VALIDATE_PRODUCT = YES;
			};
			name = Release;
		};
		4F75F87A1F8AB492007BABC9 /* Debug */ = {
			isa = XCBuildConfiguration;
			baseConfigurationReference = 6DB238070BF262761E759C4C /* Pods-be-swift.debug.xcconfig */;
			buildSettings = {
				ASSETCATALOG_COMPILER_APPICON_NAME = AppIcon;
				CODE_SIGN_ENTITLEMENTS = "be-swift/be-swift.entitlements";
				CODE_SIGN_STYLE = Automatic;
				DEVELOPMENT_TEAM = NRFQJ4SFMZ;
				INFOPLIST_FILE = "be-swift/Info.plist";
				IPHONEOS_DEPLOYMENT_TARGET = 10.3;
				LD_RUNPATH_SEARCH_PATHS = "$(inherited) @executable_path/Frameworks";
				PRODUCT_BUNDLE_IDENTIFIER = "isabella-vieira.be-swift";
				PRODUCT_NAME = "$(TARGET_NAME)";
				SWIFT_VERSION = 4.0;
				TARGETED_DEVICE_FAMILY = "1,2";
			};
			name = Debug;
		};
		4F75F87B1F8AB492007BABC9 /* Release */ = {
			isa = XCBuildConfiguration;
			baseConfigurationReference = EF969BB9545B386FE2EE2139 /* Pods-be-swift.release.xcconfig */;
			buildSettings = {
				ASSETCATALOG_COMPILER_APPICON_NAME = AppIcon;
				CODE_SIGN_ENTITLEMENTS = "be-swift/be-swift.entitlements";
				CODE_SIGN_STYLE = Automatic;
				DEVELOPMENT_TEAM = NRFQJ4SFMZ;
				INFOPLIST_FILE = "be-swift/Info.plist";
				IPHONEOS_DEPLOYMENT_TARGET = 10.3;
				LD_RUNPATH_SEARCH_PATHS = "$(inherited) @executable_path/Frameworks";
				PRODUCT_BUNDLE_IDENTIFIER = "isabella-vieira.be-swift";
				PRODUCT_NAME = "$(TARGET_NAME)";
				SWIFT_VERSION = 4.0;
				TARGETED_DEVICE_FAMILY = "1,2";
			};
			name = Release;
		};
		4F75F87D1F8AB492007BABC9 /* Debug */ = {
			isa = XCBuildConfiguration;
			baseConfigurationReference = F27DECF7C27696B590F8A0F4 /* Pods-be-swiftTests.debug.xcconfig */;
			buildSettings = {
				ALWAYS_EMBED_SWIFT_STANDARD_LIBRARIES = YES;
				BUNDLE_LOADER = "$(TEST_HOST)";
				CODE_SIGN_STYLE = Automatic;
				DEVELOPMENT_TEAM = GQU3QL4RG3;
				INFOPLIST_FILE = "be-swiftTests/Info.plist";
				LD_RUNPATH_SEARCH_PATHS = "$(inherited) @executable_path/Frameworks @loader_path/Frameworks";
				PRODUCT_BUNDLE_IDENTIFIER = "isabella-vieira.be-swiftTests";
				PRODUCT_NAME = "$(TARGET_NAME)";
				SWIFT_VERSION = 4.0;
				TARGETED_DEVICE_FAMILY = "1,2";
				TEST_HOST = "$(BUILT_PRODUCTS_DIR)/be-swift.app/be-swift";
			};
			name = Debug;
		};
		4F75F87E1F8AB492007BABC9 /* Release */ = {
			isa = XCBuildConfiguration;
			baseConfigurationReference = 504562A9323845B0A40511F6 /* Pods-be-swiftTests.release.xcconfig */;
			buildSettings = {
				ALWAYS_EMBED_SWIFT_STANDARD_LIBRARIES = YES;
				BUNDLE_LOADER = "$(TEST_HOST)";
				CODE_SIGN_STYLE = Automatic;
				DEVELOPMENT_TEAM = GQU3QL4RG3;
				INFOPLIST_FILE = "be-swiftTests/Info.plist";
				LD_RUNPATH_SEARCH_PATHS = "$(inherited) @executable_path/Frameworks @loader_path/Frameworks";
				PRODUCT_BUNDLE_IDENTIFIER = "isabella-vieira.be-swiftTests";
				PRODUCT_NAME = "$(TARGET_NAME)";
				SWIFT_VERSION = 4.0;
				TARGETED_DEVICE_FAMILY = "1,2";
				TEST_HOST = "$(BUILT_PRODUCTS_DIR)/be-swift.app/be-swift";
			};
			name = Release;
		};
		4F75F8801F8AB492007BABC9 /* Debug */ = {
			isa = XCBuildConfiguration;
			baseConfigurationReference = D61DA73ED960BBAC4D9FB73A /* Pods-be-swiftUITests.debug.xcconfig */;
			buildSettings = {
				ALWAYS_EMBED_SWIFT_STANDARD_LIBRARIES = YES;
				CODE_SIGN_STYLE = Automatic;
				DEVELOPMENT_TEAM = GQU3QL4RG3;
				INFOPLIST_FILE = "be-swiftUITests/Info.plist";
				LD_RUNPATH_SEARCH_PATHS = "$(inherited) @executable_path/Frameworks @loader_path/Frameworks";
				PRODUCT_BUNDLE_IDENTIFIER = "isabella-vieira.be-swiftUITests";
				PRODUCT_NAME = "$(TARGET_NAME)";
				SWIFT_VERSION = 4.0;
				TARGETED_DEVICE_FAMILY = "1,2";
				TEST_TARGET_NAME = "be-swift";
			};
			name = Debug;
		};
		4F75F8811F8AB492007BABC9 /* Release */ = {
			isa = XCBuildConfiguration;
			baseConfigurationReference = 1F69AF8666B4619D9701223C /* Pods-be-swiftUITests.release.xcconfig */;
			buildSettings = {
				ALWAYS_EMBED_SWIFT_STANDARD_LIBRARIES = YES;
				CODE_SIGN_STYLE = Automatic;
				DEVELOPMENT_TEAM = GQU3QL4RG3;
				INFOPLIST_FILE = "be-swiftUITests/Info.plist";
				LD_RUNPATH_SEARCH_PATHS = "$(inherited) @executable_path/Frameworks @loader_path/Frameworks";
				PRODUCT_BUNDLE_IDENTIFIER = "isabella-vieira.be-swiftUITests";
				PRODUCT_NAME = "$(TARGET_NAME)";
				SWIFT_VERSION = 4.0;
				TARGETED_DEVICE_FAMILY = "1,2";
				TEST_TARGET_NAME = "be-swift";
			};
			name = Release;
		};
/* End XCBuildConfiguration section */

/* Begin XCConfigurationList section */
		4F75F8491F8AB491007BABC9 /* Build configuration list for PBXProject "be-swift" */ = {
			isa = XCConfigurationList;
			buildConfigurations = (
				4F75F8771F8AB492007BABC9 /* Debug */,
				4F75F8781F8AB492007BABC9 /* Release */,
			);
			defaultConfigurationIsVisible = 0;
			defaultConfigurationName = Release;
		};
		4F75F8791F8AB492007BABC9 /* Build configuration list for PBXNativeTarget "be-swift" */ = {
			isa = XCConfigurationList;
			buildConfigurations = (
				4F75F87A1F8AB492007BABC9 /* Debug */,
				4F75F87B1F8AB492007BABC9 /* Release */,
			);
			defaultConfigurationIsVisible = 0;
			defaultConfigurationName = Release;
		};
		4F75F87C1F8AB492007BABC9 /* Build configuration list for PBXNativeTarget "be-swiftTests" */ = {
			isa = XCConfigurationList;
			buildConfigurations = (
				4F75F87D1F8AB492007BABC9 /* Debug */,
				4F75F87E1F8AB492007BABC9 /* Release */,
			);
			defaultConfigurationIsVisible = 0;
			defaultConfigurationName = Release;
		};
		4F75F87F1F8AB492007BABC9 /* Build configuration list for PBXNativeTarget "be-swiftUITests" */ = {
			isa = XCConfigurationList;
			buildConfigurations = (
				4F75F8801F8AB492007BABC9 /* Debug */,
				4F75F8811F8AB492007BABC9 /* Release */,
			);
			defaultConfigurationIsVisible = 0;
			defaultConfigurationName = Release;
		};
/* End XCConfigurationList section */

/* Begin XCVersionGroup section */
		4F75F8581F8AB492007BABC9 /* be_swift.xcdatamodeld */ = {
			isa = XCVersionGroup;
			children = (
				4F75F8591F8AB492007BABC9 /* be_swift.xcdatamodel */,
			);
			currentVersion = 4F75F8591F8AB492007BABC9 /* be_swift.xcdatamodel */;
			path = be_swift.xcdatamodeld;
			sourceTree = "<group>";
			versionGroupType = wrapper.xcdatamodel;
		};
/* End XCVersionGroup section */
	};
	rootObject = 4F75F8461F8AB491007BABC9 /* Project object */;
}
